// !$*UTF8*$!
{
	archiveVersion = 1;
	classes = {
	};
	objectVersion = 56;
	objects = {

/* Begin PBXBuildFile section */
		C25E2FC42A4EB2E90069A8C0 /* Blocker_iOSApp.swift in Sources */ = {isa = PBXBuildFile; fileRef = C25E2FC32A4EB2E90069A8C0 /* Blocker_iOSApp.swift */; };
		C25E2FC62A4EB2E90069A8C0 /* LaunchView.swift in Sources */ = {isa = PBXBuildFile; fileRef = C25E2FC52A4EB2E90069A8C0 /* LaunchView.swift */; };
		C25E2FC82A4EB2EA0069A8C0 /* Assets.xcassets in Resources */ = {isa = PBXBuildFile; fileRef = C25E2FC72A4EB2EA0069A8C0 /* Assets.xcassets */; };
		C25E2FCB2A4EB2EA0069A8C0 /* Preview Assets.xcassets in Resources */ = {isa = PBXBuildFile; fileRef = C25E2FCA2A4EB2EA0069A8C0 /* Preview Assets.xcassets */; };
		C25E2FD42A4ECBE50069A8C0 /* GoogleService-Info.plist in Resources */ = {isa = PBXBuildFile; fileRef = C25E2FD32A4ECBE50069A8C0 /* GoogleService-Info.plist */; };
		C25E2FDA2A4EF9F00069A8C0 /* AuthModel.swift in Sources */ = {isa = PBXBuildFile; fileRef = C25E2FD92A4EF9F00069A8C0 /* AuthModel.swift */; };
		C25E30142A4F0FFB0069A8C0 /* FirebaseAuth in Frameworks */ = {isa = PBXBuildFile; productRef = C25E30132A4F0FFB0069A8C0 /* FirebaseAuth */; };
		C26D47282A54137400137380 /* SignView.swift in Sources */ = {isa = PBXBuildFile; fileRef = C26D47272A54137400137380 /* SignView.swift */; };
		C26D472A2A5425AF00137380 /* Constant.swift in Sources */ = {isa = PBXBuildFile; fileRef = C26D47292A5425AF00137380 /* Constant.swift */; };
		C27475472A50222700610385 /* MainView.swift in Sources */ = {isa = PBXBuildFile; fileRef = C27475462A50222700610385 /* MainView.swift */; };
		C27475492A504D9000610385 /* SideMenuView.swift in Sources */ = {isa = PBXBuildFile; fileRef = C27475482A504D9000610385 /* SideMenuView.swift */; };
		C2930DF12A517B30002E06AA /* MyPageView.swift in Sources */ = {isa = PBXBuildFile; fileRef = C2930DF02A517B30002E06AA /* MyPageView.swift */; };
		C2930DF32A517B43002E06AA /* ContractsView.swift in Sources */ = {isa = PBXBuildFile; fileRef = C2930DF22A517B43002E06AA /* ContractsView.swift */; };
		C2930DF52A517B4F002E06AA /* VerificationView.swift in Sources */ = {isa = PBXBuildFile; fileRef = C2930DF42A517B4F002E06AA /* VerificationView.swift */; };
		C2930DF72A517C51002E06AA /* HomeView.swift in Sources */ = {isa = PBXBuildFile; fileRef = C2930DF62A517C51002E06AA /* HomeView.swift */; };
		C2930DF92A519A54002E06AA /* BoardView.swift in Sources */ = {isa = PBXBuildFile; fileRef = C2930DF82A519A54002E06AA /* BoardView.swift */; };
		C2F553682A557C9F00438D48 /* PostView.swift in Sources */ = {isa = PBXBuildFile; fileRef = C2F553672A557C9F00438D48 /* PostView.swift */; };
		C2F5536A2A5585FC00438D48 /* ContractView.swift in Sources */ = {isa = PBXBuildFile; fileRef = C2F553692A5585FC00438D48 /* ContractView.swift */; };
/* End PBXBuildFile section */

/* Begin PBXFileReference section */
		C25E2FC02A4EB2E90069A8C0 /* Blocker-iOS.app */ = {isa = PBXFileReference; explicitFileType = wrapper.application; includeInIndex = 0; path = "Blocker-iOS.app"; sourceTree = BUILT_PRODUCTS_DIR; };
		C25E2FC32A4EB2E90069A8C0 /* Blocker_iOSApp.swift */ = {isa = PBXFileReference; lastKnownFileType = sourcecode.swift; path = Blocker_iOSApp.swift; sourceTree = "<group>"; };
		C25E2FC52A4EB2E90069A8C0 /* LaunchView.swift */ = {isa = PBXFileReference; lastKnownFileType = sourcecode.swift; path = LaunchView.swift; sourceTree = "<group>"; };
		C25E2FC72A4EB2EA0069A8C0 /* Assets.xcassets */ = {isa = PBXFileReference; lastKnownFileType = folder.assetcatalog; path = Assets.xcassets; sourceTree = "<group>"; };
		C25E2FCA2A4EB2EA0069A8C0 /* Preview Assets.xcassets */ = {isa = PBXFileReference; lastKnownFileType = folder.assetcatalog; path = "Preview Assets.xcassets"; sourceTree = "<group>"; };
		C25E2FD32A4ECBE50069A8C0 /* GoogleService-Info.plist */ = {isa = PBXFileReference; fileEncoding = 4; lastKnownFileType = text.plist.xml; name = "GoogleService-Info.plist"; path = "../../../../Downloads/GoogleService-Info.plist"; sourceTree = "<group>"; };
		C25E2FD92A4EF9F00069A8C0 /* AuthModel.swift */ = {isa = PBXFileReference; lastKnownFileType = sourcecode.swift; path = AuthModel.swift; sourceTree = "<group>"; };
		C26D47272A54137400137380 /* SignView.swift */ = {isa = PBXFileReference; lastKnownFileType = sourcecode.swift; path = SignView.swift; sourceTree = "<group>"; };
		C26D47292A5425AF00137380 /* Constant.swift */ = {isa = PBXFileReference; lastKnownFileType = sourcecode.swift; path = Constant.swift; sourceTree = "<group>"; };
		C27475462A50222700610385 /* MainView.swift */ = {isa = PBXFileReference; lastKnownFileType = sourcecode.swift; path = MainView.swift; sourceTree = "<group>"; };
		C27475482A504D9000610385 /* SideMenuView.swift */ = {isa = PBXFileReference; lastKnownFileType = sourcecode.swift; path = SideMenuView.swift; sourceTree = "<group>"; };
		C2930DF02A517B30002E06AA /* MyPageView.swift */ = {isa = PBXFileReference; lastKnownFileType = sourcecode.swift; path = MyPageView.swift; sourceTree = "<group>"; };
		C2930DF22A517B43002E06AA /* ContractsView.swift */ = {isa = PBXFileReference; lastKnownFileType = sourcecode.swift; path = ContractsView.swift; sourceTree = "<group>"; };
		C2930DF42A517B4F002E06AA /* VerificationView.swift */ = {isa = PBXFileReference; lastKnownFileType = sourcecode.swift; path = VerificationView.swift; sourceTree = "<group>"; };
		C2930DF62A517C51002E06AA /* HomeView.swift */ = {isa = PBXFileReference; lastKnownFileType = sourcecode.swift; path = HomeView.swift; sourceTree = "<group>"; };
		C2930DF82A519A54002E06AA /* BoardView.swift */ = {isa = PBXFileReference; lastKnownFileType = sourcecode.swift; path = BoardView.swift; sourceTree = "<group>"; };
		C2F553672A557C9F00438D48 /* PostView.swift */ = {isa = PBXFileReference; lastKnownFileType = sourcecode.swift; path = PostView.swift; sourceTree = "<group>"; };
		C2F553692A5585FC00438D48 /* ContractView.swift */ = {isa = PBXFileReference; lastKnownFileType = sourcecode.swift; path = ContractView.swift; sourceTree = "<group>"; };
/* End PBXFileReference section */

/* Begin PBXFrameworksBuildPhase section */
		C25E2FBD2A4EB2E90069A8C0 /* Frameworks */ = {
			isa = PBXFrameworksBuildPhase;
			buildActionMask = 2147483647;
			files = (
				C25E30142A4F0FFB0069A8C0 /* FirebaseAuth in Frameworks */,
			);
			runOnlyForDeploymentPostprocessing = 0;
		};
/* End PBXFrameworksBuildPhase section */

/* Begin PBXGroup section */
		C25E2FB72A4EB2E90069A8C0 = {
			isa = PBXGroup;
			children = (
				C25E2FC22A4EB2E90069A8C0 /* Blocker-iOS */,
				C25E2FC12A4EB2E90069A8C0 /* Products */,
			);
			sourceTree = "<group>";
		};
		C25E2FC12A4EB2E90069A8C0 /* Products */ = {
			isa = PBXGroup;
			children = (
				C25E2FC02A4EB2E90069A8C0 /* Blocker-iOS.app */,
			);
			name = Products;
			sourceTree = "<group>";
		};
		C25E2FC22A4EB2E90069A8C0 /* Blocker-iOS */ = {
			isa = PBXGroup;
			children = (
				C25E2FC32A4EB2E90069A8C0 /* Blocker_iOSApp.swift */,
				C27475452A501ACC00610385 /* Views */,
				C25E2FC72A4EB2EA0069A8C0 /* Assets.xcassets */,
				C25E2FD32A4ECBE50069A8C0 /* GoogleService-Info.plist */,
				C25E2FC92A4EB2EA0069A8C0 /* Preview Content */,
				C25E2FD92A4EF9F00069A8C0 /* AuthModel.swift */,
				C26D47292A5425AF00137380 /* Constant.swift */,
			);
			path = "Blocker-iOS";
			sourceTree = "<group>";
		};
		C25E2FC92A4EB2EA0069A8C0 /* Preview Content */ = {
			isa = PBXGroup;
			children = (
				C25E2FCA2A4EB2EA0069A8C0 /* Preview Assets.xcassets */,
			);
			path = "Preview Content";
			sourceTree = "<group>";
		};
		C27475452A501ACC00610385 /* Views */ = {
			isa = PBXGroup;
			children = (
				C25E2FC52A4EB2E90069A8C0 /* LaunchView.swift */,
				C27475462A50222700610385 /* MainView.swift */,
				C27475482A504D9000610385 /* SideMenuView.swift */,
				C2930DF02A517B30002E06AA /* MyPageView.swift */,
				C2930DF22A517B43002E06AA /* ContractsView.swift */,
				C2930DF42A517B4F002E06AA /* VerificationView.swift */,
				C2930DF62A517C51002E06AA /* HomeView.swift */,
				C2930DF82A519A54002E06AA /* BoardView.swift */,
				C26D47272A54137400137380 /* SignView.swift */,
				C2F553672A557C9F00438D48 /* PostView.swift */,
				C2F553692A5585FC00438D48 /* ContractView.swift */,
			);
			path = Views;
			sourceTree = "<group>";
		};
/* End PBXGroup section */

/* Begin PBXNativeTarget section */
		C25E2FBF2A4EB2E90069A8C0 /* Blocker-iOS */ = {
			isa = PBXNativeTarget;
			buildConfigurationList = C25E2FCE2A4EB2EA0069A8C0 /* Build configuration list for PBXNativeTarget "Blocker-iOS" */;
			buildPhases = (
				C25E2FBC2A4EB2E90069A8C0 /* Sources */,
				C25E2FBD2A4EB2E90069A8C0 /* Frameworks */,
				C25E2FBE2A4EB2E90069A8C0 /* Resources */,
			);
			buildRules = (
			);
			dependencies = (
			);
			name = "Blocker-iOS";
			packageProductDependencies = (
				C25E30132A4F0FFB0069A8C0 /* FirebaseAuth */,
			);
			productName = "Blocker-iOS";
			productReference = C25E2FC02A4EB2E90069A8C0 /* Blocker-iOS.app */;
			productType = "com.apple.product-type.application";
		};
/* End PBXNativeTarget section */

/* Begin PBXProject section */
		C25E2FB82A4EB2E90069A8C0 /* Project object */ = {
			isa = PBXProject;
			attributes = {
				BuildIndependentTargetsInParallel = 1;
				LastSwiftUpdateCheck = 1430;
				LastUpgradeCheck = 1430;
				TargetAttributes = {
					C25E2FBF2A4EB2E90069A8C0 = {
						CreatedOnToolsVersion = 14.3;
					};
				};
			};
			buildConfigurationList = C25E2FBB2A4EB2E90069A8C0 /* Build configuration list for PBXProject "Blocker-iOS" */;
			compatibilityVersion = "Xcode 14.0";
			developmentRegion = en;
			hasScannedForEncodings = 0;
			knownRegions = (
				en,
				Base,
			);
			mainGroup = C25E2FB72A4EB2E90069A8C0;
			packageReferences = (
				C25E30122A4F0FFB0069A8C0 /* XCRemoteSwiftPackageReference "firebase-ios-sdk" */,
			);
			productRefGroup = C25E2FC12A4EB2E90069A8C0 /* Products */;
			projectDirPath = "";
			projectRoot = "";
			targets = (
				C25E2FBF2A4EB2E90069A8C0 /* Blocker-iOS */,
			);
		};
/* End PBXProject section */

/* Begin PBXResourcesBuildPhase section */
		C25E2FBE2A4EB2E90069A8C0 /* Resources */ = {
			isa = PBXResourcesBuildPhase;
			buildActionMask = 2147483647;
			files = (
				C25E2FCB2A4EB2EA0069A8C0 /* Preview Assets.xcassets in Resources */,
				C25E2FC82A4EB2EA0069A8C0 /* Assets.xcassets in Resources */,
				C25E2FD42A4ECBE50069A8C0 /* GoogleService-Info.plist in Resources */,
			);
			runOnlyForDeploymentPostprocessing = 0;
		};
/* End PBXResourcesBuildPhase section */

/* Begin PBXSourcesBuildPhase section */
		C25E2FBC2A4EB2E90069A8C0 /* Sources */ = {
			isa = PBXSourcesBuildPhase;
			buildActionMask = 2147483647;
			files = (
				C2930DF72A517C51002E06AA /* HomeView.swift in Sources */,
				C25E2FC62A4EB2E90069A8C0 /* LaunchView.swift in Sources */,
				C27475472A50222700610385 /* MainView.swift in Sources */,
				C26D47282A54137400137380 /* SignView.swift in Sources */,
				C2930DF32A517B43002E06AA /* ContractsView.swift in Sources */,
				C27475492A504D9000610385 /* SideMenuView.swift in Sources */,
				C25E2FC42A4EB2E90069A8C0 /* Blocker_iOSApp.swift in Sources */,
				C25E2FDA2A4EF9F00069A8C0 /* AuthModel.swift in Sources */,
				C2F5536A2A5585FC00438D48 /* ContractView.swift in Sources */,
				C2930DF92A519A54002E06AA /* BoardView.swift in Sources */,
				C2930DF12A517B30002E06AA /* MyPageView.swift in Sources */,
				C2930DF52A517B4F002E06AA /* VerificationView.swift in Sources */,
				C2F553682A557C9F00438D48 /* PostView.swift in Sources */,
				C26D472A2A5425AF00137380 /* Constant.swift in Sources */,
			);
			runOnlyForDeploymentPostprocessing = 0;
		};
/* End PBXSourcesBuildPhase section */

/* Begin XCBuildConfiguration section */
		C25E2FCC2A4EB2EA0069A8C0 /* Debug */ = {
			isa = XCBuildConfiguration;
			buildSettings = {
				ALWAYS_SEARCH_USER_PATHS = NO;
				CLANG_ANALYZER_NONNULL = YES;
				CLANG_ANALYZER_NUMBER_OBJECT_CONVERSION = YES_AGGRESSIVE;
				CLANG_CXX_LANGUAGE_STANDARD = "gnu++20";
				CLANG_ENABLE_MODULES = YES;
				CLANG_ENABLE_OBJC_ARC = YES;
				CLANG_ENABLE_OBJC_WEAK = YES;
				CLANG_WARN_BLOCK_CAPTURE_AUTORELEASING = YES;
				CLANG_WARN_BOOL_CONVERSION = YES;
				CLANG_WARN_COMMA = YES;
				CLANG_WARN_CONSTANT_CONVERSION = YES;
				CLANG_WARN_DEPRECATED_OBJC_IMPLEMENTATIONS = YES;
				CLANG_WARN_DIRECT_OBJC_ISA_USAGE = YES_ERROR;
				CLANG_WARN_DOCUMENTATION_COMMENTS = YES;
				CLANG_WARN_EMPTY_BODY = YES;
				CLANG_WARN_ENUM_CONVERSION = YES;
				CLANG_WARN_INFINITE_RECURSION = YES;
				CLANG_WARN_INT_CONVERSION = YES;
				CLANG_WARN_NON_LITERAL_NULL_CONVERSION = YES;
				CLANG_WARN_OBJC_IMPLICIT_RETAIN_SELF = YES;
				CLANG_WARN_OBJC_LITERAL_CONVERSION = YES;
				CLANG_WARN_OBJC_ROOT_CLASS = YES_ERROR;
				CLANG_WARN_QUOTED_INCLUDE_IN_FRAMEWORK_HEADER = YES;
				CLANG_WARN_RANGE_LOOP_ANALYSIS = YES;
				CLANG_WARN_STRICT_PROTOTYPES = YES;
				CLANG_WARN_SUSPICIOUS_MOVE = YES;
				CLANG_WARN_UNGUARDED_AVAILABILITY = YES_AGGRESSIVE;
				CLANG_WARN_UNREACHABLE_CODE = YES;
				CLANG_WARN__DUPLICATE_METHOD_MATCH = YES;
				COPY_PHASE_STRIP = NO;
				DEBUG_INFORMATION_FORMAT = dwarf;
				ENABLE_STRICT_OBJC_MSGSEND = YES;
				ENABLE_TESTABILITY = YES;
				GCC_C_LANGUAGE_STANDARD = gnu11;
				GCC_DYNAMIC_NO_PIC = NO;
				GCC_NO_COMMON_BLOCKS = YES;
				GCC_OPTIMIZATION_LEVEL = 0;
				GCC_PREPROCESSOR_DEFINITIONS = (
					"DEBUG=1",
					"$(inherited)",
				);
				GCC_WARN_64_TO_32_BIT_CONVERSION = YES;
				GCC_WARN_ABOUT_RETURN_TYPE = YES_ERROR;
				GCC_WARN_UNDECLARED_SELECTOR = YES;
				GCC_WARN_UNINITIALIZED_AUTOS = YES_AGGRESSIVE;
				GCC_WARN_UNUSED_FUNCTION = YES;
				GCC_WARN_UNUSED_VARIABLE = YES;
				IPHONEOS_DEPLOYMENT_TARGET = 16.4;
				MTL_ENABLE_DEBUG_INFO = INCLUDE_SOURCE;
				MTL_FAST_MATH = YES;
				ONLY_ACTIVE_ARCH = YES;
				SDKROOT = iphoneos;
				SWIFT_ACTIVE_COMPILATION_CONDITIONS = DEBUG;
				SWIFT_OPTIMIZATION_LEVEL = "-Onone";
			};
			name = Debug;
		};
		C25E2FCD2A4EB2EA0069A8C0 /* Release */ = {
			isa = XCBuildConfiguration;
			buildSettings = {
				ALWAYS_SEARCH_USER_PATHS = NO;
				CLANG_ANALYZER_NONNULL = YES;
				CLANG_ANALYZER_NUMBER_OBJECT_CONVERSION = YES_AGGRESSIVE;
				CLANG_CXX_LANGUAGE_STANDARD = "gnu++20";
				CLANG_ENABLE_MODULES = YES;
				CLANG_ENABLE_OBJC_ARC = YES;
				CLANG_ENABLE_OBJC_WEAK = YES;
				CLANG_WARN_BLOCK_CAPTURE_AUTORELEASING = YES;
				CLANG_WARN_BOOL_CONVERSION = YES;
				CLANG_WARN_COMMA = YES;
				CLANG_WARN_CONSTANT_CONVERSION = YES;
				CLANG_WARN_DEPRECATED_OBJC_IMPLEMENTATIONS = YES;
				CLANG_WARN_DIRECT_OBJC_ISA_USAGE = YES_ERROR;
				CLANG_WARN_DOCUMENTATION_COMMENTS = YES;
				CLANG_WARN_EMPTY_BODY = YES;
				CLANG_WARN_ENUM_CONVERSION = YES;
				CLANG_WARN_INFINITE_RECURSION = YES;
				CLANG_WARN_INT_CONVERSION = YES;
				CLANG_WARN_NON_LITERAL_NULL_CONVERSION = YES;
				CLANG_WARN_OBJC_IMPLICIT_RETAIN_SELF = YES;
				CLANG_WARN_OBJC_LITERAL_CONVERSION = YES;
				CLANG_WARN_OBJC_ROOT_CLASS = YES_ERROR;
				CLANG_WARN_QUOTED_INCLUDE_IN_FRAMEWORK_HEADER = YES;
				CLANG_WARN_RANGE_LOOP_ANALYSIS = YES;
				CLANG_WARN_STRICT_PROTOTYPES = YES;
				CLANG_WARN_SUSPICIOUS_MOVE = YES;
				CLANG_WARN_UNGUARDED_AVAILABILITY = YES_AGGRESSIVE;
				CLANG_WARN_UNREACHABLE_CODE = YES;
				CLANG_WARN__DUPLICATE_METHOD_MATCH = YES;
				COPY_PHASE_STRIP = NO;
				DEBUG_INFORMATION_FORMAT = "dwarf-with-dsym";
				ENABLE_NS_ASSERTIONS = NO;
				ENABLE_STRICT_OBJC_MSGSEND = YES;
				GCC_C_LANGUAGE_STANDARD = gnu11;
				GCC_NO_COMMON_BLOCKS = YES;
				GCC_WARN_64_TO_32_BIT_CONVERSION = YES;
				GCC_WARN_ABOUT_RETURN_TYPE = YES_ERROR;
				GCC_WARN_UNDECLARED_SELECTOR = YES;
				GCC_WARN_UNINITIALIZED_AUTOS = YES_AGGRESSIVE;
				GCC_WARN_UNUSED_FUNCTION = YES;
				GCC_WARN_UNUSED_VARIABLE = YES;
				IPHONEOS_DEPLOYMENT_TARGET = 16.4;
				MTL_ENABLE_DEBUG_INFO = NO;
				MTL_FAST_MATH = YES;
				SDKROOT = iphoneos;
				SWIFT_COMPILATION_MODE = wholemodule;
				SWIFT_OPTIMIZATION_LEVEL = "-O";
				VALIDATE_PRODUCT = YES;
			};
			name = Release;
		};
		C25E2FCF2A4EB2EA0069A8C0 /* Debug */ = {
			isa = XCBuildConfiguration;
			buildSettings = {
				ASSETCATALOG_COMPILER_APPICON_NAME = AppIcon;
				ASSETCATALOG_COMPILER_GLOBAL_ACCENT_COLOR_NAME = AccentColor;
				CODE_SIGN_STYLE = Automatic;
				CURRENT_PROJECT_VERSION = 1;
				DEVELOPMENT_ASSET_PATHS = "\"Blocker-iOS/Preview Content\"";
				DEVELOPMENT_TEAM = ULF3FT8T5G;
				ENABLE_PREVIEWS = YES;
				GENERATE_INFOPLIST_FILE = YES;
				INFOPLIST_KEY_UIApplicationSceneManifest_Generation = YES;
				INFOPLIST_KEY_UIApplicationSupportsIndirectInputEvents = YES;
				INFOPLIST_KEY_UILaunchScreen_Generation = YES;
				INFOPLIST_KEY_UISupportedInterfaceOrientations_iPad = "UIInterfaceOrientationPortrait UIInterfaceOrientationPortraitUpsideDown UIInterfaceOrientationLandscapeLeft UIInterfaceOrientationLandscapeRight";
				INFOPLIST_KEY_UISupportedInterfaceOrientations_iPhone = "UIInterfaceOrientationPortrait UIInterfaceOrientationLandscapeLeft UIInterfaceOrientationLandscapeRight";
				LD_RUNPATH_SEARCH_PATHS = (
					"$(inherited)",
					"@executable_path/Frameworks",
				);
				MARKETING_VERSION = 1.0;
				PRODUCT_BUNDLE_IDENTIFIER = "com.nu-jey.Blocker-iOS";
				PRODUCT_NAME = "$(TARGET_NAME)";
				SWIFT_EMIT_LOC_STRINGS = YES;
				SWIFT_VERSION = 5.0;
				TARGETED_DEVICE_FAMILY = "1,2";
			};
			name = Debug;
		};
		C25E2FD02A4EB2EA0069A8C0 /* Release */ = {
			isa = XCBuildConfiguration;
			buildSettings = {
				ASSETCATALOG_COMPILER_APPICON_NAME = AppIcon;
				ASSETCATALOG_COMPILER_GLOBAL_ACCENT_COLOR_NAME = AccentColor;
				CODE_SIGN_STYLE = Automatic;
				CURRENT_PROJECT_VERSION = 1;
				DEVELOPMENT_ASSET_PATHS = "\"Blocker-iOS/Preview Content\"";
				DEVELOPMENT_TEAM = ULF3FT8T5G;
				ENABLE_PREVIEWS = YES;
				GENERATE_INFOPLIST_FILE = YES;
				INFOPLIST_KEY_UIApplicationSceneManifest_Generation = YES;
				INFOPLIST_KEY_UIApplicationSupportsIndirectInputEvents = YES;
				INFOPLIST_KEY_UILaunchScreen_Generation = YES;
				INFOPLIST_KEY_UISupportedInterfaceOrientations_iPad = "UIInterfaceOrientationPortrait UIInterfaceOrientationPortraitUpsideDown UIInterfaceOrientationLandscapeLeft UIInterfaceOrientationLandscapeRight";
				INFOPLIST_KEY_UISupportedInterfaceOrientations_iPhone = "UIInterfaceOrientationPortrait UIInterfaceOrientationLandscapeLeft UIInterfaceOrientationLandscapeRight";
				LD_RUNPATH_SEARCH_PATHS = (
					"$(inherited)",
					"@executable_path/Frameworks",
				);
				MARKETING_VERSION = 1.0;
				PRODUCT_BUNDLE_IDENTIFIER = "com.nu-jey.Blocker-iOS";
				PRODUCT_NAME = "$(TARGET_NAME)";
				SWIFT_EMIT_LOC_STRINGS = YES;
				SWIFT_VERSION = 5.0;
				TARGETED_DEVICE_FAMILY = "1,2";
			};
			name = Release;
		};
/* End XCBuildConfiguration section */

/* Begin XCConfigurationList section */
		C25E2FBB2A4EB2E90069A8C0 /* Build configuration list for PBXProject "Blocker-iOS" */ = {
			isa = XCConfigurationList;
			buildConfigurations = (
				C25E2FCC2A4EB2EA0069A8C0 /* Debug */,
				C25E2FCD2A4EB2EA0069A8C0 /* Release */,
			);
			defaultConfigurationIsVisible = 0;
			defaultConfigurationName = Release;
		};
		C25E2FCE2A4EB2EA0069A8C0 /* Build configuration list for PBXNativeTarget "Blocker-iOS" */ = {
			isa = XCConfigurationList;
			buildConfigurations = (
				C25E2FCF2A4EB2EA0069A8C0 /* Debug */,
				C25E2FD02A4EB2EA0069A8C0 /* Release */,
			);
			defaultConfigurationIsVisible = 0;
			defaultConfigurationName = Release;
		};
/* End XCConfigurationList section */

/* Begin XCRemoteSwiftPackageReference section */
		C25E30122A4F0FFB0069A8C0 /* XCRemoteSwiftPackageReference "firebase-ios-sdk" */ = {
			isa = XCRemoteSwiftPackageReference;
			repositoryURL = "https://github.com/firebase/firebase-ios-sdk";
			requirement = {
				kind = upToNextMajorVersion;
				minimumVersion = 10.0.0;
			};
		};
/* End XCRemoteSwiftPackageReference section */

/* Begin XCSwiftPackageProductDependency section */
		C25E30132A4F0FFB0069A8C0 /* FirebaseAuth */ = {
			isa = XCSwiftPackageProductDependency;
			package = C25E30122A4F0FFB0069A8C0 /* XCRemoteSwiftPackageReference "firebase-ios-sdk" */;
			productName = FirebaseAuth;
		};
/* End XCSwiftPackageProductDependency section */
	};
	rootObject = C25E2FB82A4EB2E90069A8C0 /* Project object */;
}
